// !$*UTF8*$!
{
	archiveVersion = 1;
	classes = {
	};
	objectVersion = 46;
	objects = {

/* Begin PBXBuildFile section */
		6B0BE8001970D4B0004CA5A3 /* getopt.cpp in Sources */ = {isa = PBXBuildFile; fileRef = 6B0BE7F21970D4B0004CA5A3 /* getopt.cpp */; };
		6B0BE8021970D4B0004CA5A3 /* mpw_core.c in Sources */ = {isa = PBXBuildFile; fileRef = 6B0BE7F51970D4B0004CA5A3 /* mpw_core.c */; };
		6B0BE8031970D4B0004CA5A3 /* crypto_scrypt-ref.c in Sources */ = {isa = PBXBuildFile; fileRef = 6B0BE7F81970D4B0004CA5A3 /* crypto_scrypt-ref.c */; };
		6B0BE8041970D4B0004CA5A3 /* sha256.c in Sources */ = {isa = PBXBuildFile; fileRef = 6B0BE7FB1970D4B0004CA5A3 /* sha256.c */; };
		6B0BE8051970D4B0004CA5A3 /* types.c in Sources */ = {isa = PBXBuildFile; fileRef = 6B0BE7FE1970D4B0004CA5A3 /* types.c */; };
		6B28E7F31A3B8E7300EB0529 /* tinyXML2.cpp in Sources */ = {isa = PBXBuildFile; fileRef = 6B28E7F11A3B8E7300EB0529 /* tinyXML2.cpp */; };
		6B28E91A1A3B8E7C00EB0529 /* main.cpp in Sources */ = {isa = PBXBuildFile; fileRef = 6B28E8C51A3B8E7C00EB0529 /* main.cpp */; };
		6B28E91B1A3B8E7C00EB0529 /* MasterPasswordTest.cpp in Sources */ = {isa = PBXBuildFile; fileRef = 6B28E8C61A3B8E7C00EB0529 /* MasterPasswordTest.cpp */; };
		6B28E91C1A3B8E7C00EB0529 /* StandardizedTestSuite.cpp in Sources */ = {isa = PBXBuildFile; fileRef = 6B28E8CA1A3B8E7C00EB0529 /* StandardizedTestSuite.cpp */; };
		6B28E91D1A3B8E7C00EB0529 /* testHMAC.cpp in Sources */ = {isa = PBXBuildFile; fileRef = 6B28E8CB1A3B8E7C00EB0529 /* testHMAC.cpp */; };
		6B28E91E1A3B8E7C00EB0529 /* testutils.cpp in Sources */ = {isa = PBXBuildFile; fileRef = 6B28E8CC1A3B8E7C00EB0529 /* testutils.cpp */; };
		6B28E91F1A3B8E7C00EB0529 /* utilsTest.cpp in Sources */ = {isa = PBXBuildFile; fileRef = 6B28E8CE1A3B8E7C00EB0529 /* utilsTest.cpp */; };
		6B41A35919B1A1A100148663 /* libgtest_main.a in Frameworks */ = {isa = PBXBuildFile; fileRef = 6B41A35719B1A1A100148663 /* libgtest_main.a */; };
		6B41A35A19B1A1A100148663 /* libgtest.a in Frameworks */ = {isa = PBXBuildFile; fileRef = 6B41A35819B1A1A100148663 /* libgtest.a */; };
/* End PBXBuildFile section */

/* Begin PBXCopyFilesBuildPhase section */
		6BA11078196FB11100BAB389 /* CopyFiles */ = {
			isa = PBXCopyFilesBuildPhase;
			buildActionMask = 12;
			dstPath = "";
			dstSubfolderSpec = 6;
			files = (
			);
			runOnlyForDeploymentPostprocessing = 0;
		};
/* End PBXCopyFilesBuildPhase section */

/* Begin PBXFileReference section */
		6B0BE7F11970D4B0004CA5A3 /* config.h */ = {isa = PBXFileReference; fileEncoding = 4; lastKnownFileType = sourcecode.c.h; path = config.h; sourceTree = "<group>"; };
		6B0BE7F21970D4B0004CA5A3 /* getopt.cpp */ = {isa = PBXFileReference; fileEncoding = 4; lastKnownFileType = sourcecode.cpp.cpp; path = getopt.cpp; sourceTree = "<group>"; };
		6B0BE7F31970D4B0004CA5A3 /* getopt.h */ = {isa = PBXFileReference; fileEncoding = 4; lastKnownFileType = sourcecode.c.h; path = getopt.h; sourceTree = "<group>"; };
		6B0BE7F51970D4B0004CA5A3 /* mpw_core.c */ = {isa = PBXFileReference; fileEncoding = 4; lastKnownFileType = sourcecode.c.c; path = mpw_core.c; sourceTree = "<group>"; };
		6B0BE7F61970D4B0004CA5A3 /* mpw_core.h */ = {isa = PBXFileReference; fileEncoding = 4; lastKnownFileType = sourcecode.c.h; path = mpw_core.h; sourceTree = "<group>"; };
		6B0BE7F81970D4B0004CA5A3 /* crypto_scrypt-ref.c */ = {isa = PBXFileReference; fileEncoding = 4; lastKnownFileType = sourcecode.c.c; path = "crypto_scrypt-ref.c"; sourceTree = "<group>"; };
		6B0BE7F91970D4B0004CA5A3 /* crypto_scrypt.h */ = {isa = PBXFileReference; fileEncoding = 4; lastKnownFileType = sourcecode.c.h; path = crypto_scrypt.h; sourceTree = "<group>"; };
		6B0BE7FA1970D4B0004CA5A3 /* scrypt_platform.h */ = {isa = PBXFileReference; fileEncoding = 4; lastKnownFileType = sourcecode.c.h; path = scrypt_platform.h; sourceTree = "<group>"; };
		6B0BE7FB1970D4B0004CA5A3 /* sha256.c */ = {isa = PBXFileReference; fileEncoding = 4; lastKnownFileType = sourcecode.c.c; path = sha256.c; sourceTree = "<group>"; };
		6B0BE7FC1970D4B0004CA5A3 /* sha256.h */ = {isa = PBXFileReference; fileEncoding = 4; lastKnownFileType = sourcecode.c.h; path = sha256.h; sourceTree = "<group>"; };
		6B0BE7FD1970D4B0004CA5A3 /* sysendian.h */ = {isa = PBXFileReference; fileEncoding = 4; lastKnownFileType = sourcecode.c.h; path = sysendian.h; sourceTree = "<group>"; };
		6B0BE7FE1970D4B0004CA5A3 /* types.c */ = {isa = PBXFileReference; fileEncoding = 4; lastKnownFileType = sourcecode.c.c; path = types.c; sourceTree = "<group>"; };
		6B0BE7FF1970D4B0004CA5A3 /* types.h */ = {isa = PBXFileReference; fileEncoding = 4; lastKnownFileType = sourcecode.c.h; path = types.h; sourceTree = "<group>"; };
		6B28E7F11A3B8E7300EB0529 /* tinyXML2.cpp */ = {isa = PBXFileReference; fileEncoding = 4; lastKnownFileType = sourcecode.cpp.cpp; path = tinyXML2.cpp; sourceTree = "<group>"; };
		6B28E7F21A3B8E7300EB0529 /* tinyXML2.h */ = {isa = PBXFileReference; fileEncoding = 4; lastKnownFileType = sourcecode.c.h; path = tinyXML2.h; sourceTree = "<group>"; };
		6B28E8C51A3B8E7C00EB0529 /* main.cpp */ = {isa = PBXFileReference; fileEncoding = 4; lastKnownFileType = sourcecode.cpp.cpp; path = main.cpp; sourceTree = "<group>"; };
		6B28E8C61A3B8E7C00EB0529 /* MasterPasswordTest.cpp */ = {isa = PBXFileReference; fileEncoding = 4; lastKnownFileType = sourcecode.cpp.cpp; path = MasterPasswordTest.cpp; sourceTree = "<group>"; };
		6B28E8C71A3B8E7C00EB0529 /* MasterPasswordTest.h */ = {isa = PBXFileReference; fileEncoding = 4; lastKnownFileType = sourcecode.c.h; path = MasterPasswordTest.h; sourceTree = "<group>"; };
		6B28E8C81A3B8E7C00EB0529 /* mpw_tests.xml */ = {isa = PBXFileReference; fileEncoding = 4; lastKnownFileType = text.xml; path = mpw_tests.xml; sourceTree = "<group>"; };
		6B28E8C91A3B8E7C00EB0529 /* mpw_tests.xml.orig */ = {isa = PBXFileReference; fileEncoding = 4; lastKnownFileType = text; path = mpw_tests.xml.orig; sourceTree = "<group>"; };
		6B28E8CA1A3B8E7C00EB0529 /* StandardizedTestSuite.cpp */ = {isa = PBXFileReference; fileEncoding = 4; lastKnownFileType = sourcecode.cpp.cpp; path = StandardizedTestSuite.cpp; sourceTree = "<group>"; };
		6B28E8CB1A3B8E7C00EB0529 /* testHMAC.cpp */ = {isa = PBXFileReference; fileEncoding = 4; lastKnownFileType = sourcecode.cpp.cpp; path = testHMAC.cpp; sourceTree = "<group>"; };
		6B28E8CC1A3B8E7C00EB0529 /* testutils.cpp */ = {isa = PBXFileReference; fileEncoding = 4; lastKnownFileType = sourcecode.cpp.cpp; path = testutils.cpp; sourceTree = "<group>"; };
		6B28E8CD1A3B8E7C00EB0529 /* testutils.h */ = {isa = PBXFileReference; fileEncoding = 4; lastKnownFileType = sourcecode.c.h; path = testutils.h; sourceTree = "<group>"; };
		6B28E8CE1A3B8E7C00EB0529 /* utilsTest.cpp */ = {isa = PBXFileReference; fileEncoding = 4; lastKnownFileType = sourcecode.cpp.cpp; path = utilsTest.cpp; sourceTree = "<group>"; };
		6B41A35719B1A1A100148663 /* libgtest_main.a */ = {isa = PBXFileReference; lastKnownFileType = archive.ar; name = libgtest_main.a; path = MasterPasswordTest_OSX/libgtest_main.a; sourceTree = "<group>"; };
		6B41A35819B1A1A100148663 /* libgtest.a */ = {isa = PBXFileReference; lastKnownFileType = archive.ar; name = libgtest.a; path = MasterPasswordTest_OSX/libgtest.a; sourceTree = "<group>"; };
		6BA1107A196FB11100BAB389 /* MasterPasswordTest_OSX */ = {isa = PBXFileReference; explicitFileType = "compiled.mach-o.executable"; includeInIndex = 0; path = MasterPasswordTest_OSX; sourceTree = BUILT_PRODUCTS_DIR; };
/* End PBXFileReference section */

/* Begin PBXFrameworksBuildPhase section */
		6BA11077196FB11100BAB389 /* Frameworks */ = {
			isa = PBXFrameworksBuildPhase;
			buildActionMask = 2147483647;
			files = (
				6B41A35919B1A1A100148663 /* libgtest_main.a in Frameworks */,
				6B41A35A19B1A1A100148663 /* libgtest.a in Frameworks */,
			);
			runOnlyForDeploymentPostprocessing = 0;
		};
/* End PBXFrameworksBuildPhase section */

/* Begin PBXGroup section */
		6B0BE7F01970D4B0004CA5A3 /* src */ = {
			isa = PBXGroup;
			children = (
				6B0BE7F11970D4B0004CA5A3 /* config.h */,
				6B0BE7F21970D4B0004CA5A3 /* getopt.cpp */,
				6B0BE7F31970D4B0004CA5A3 /* getopt.h */,
				6B0BE7F51970D4B0004CA5A3 /* mpw_core.c */,
				6B0BE7F61970D4B0004CA5A3 /* mpw_core.h */,
				6B0BE7F71970D4B0004CA5A3 /* scrypt */,
				6B0BE7FE1970D4B0004CA5A3 /* types.c */,
				6B0BE7FF1970D4B0004CA5A3 /* types.h */,
			);
			name = src;
			path = ../src;
			sourceTree = "<group>";
		};
		6B0BE7F71970D4B0004CA5A3 /* scrypt */ = {
			isa = PBXGroup;
			children = (
				6B0BE7F81970D4B0004CA5A3 /* crypto_scrypt-ref.c */,
				6B0BE7F91970D4B0004CA5A3 /* crypto_scrypt.h */,
				6B0BE7FA1970D4B0004CA5A3 /* scrypt_platform.h */,
				6B0BE7FB1970D4B0004CA5A3 /* sha256.c */,
				6B0BE7FC1970D4B0004CA5A3 /* sha256.h */,
				6B0BE7FD1970D4B0004CA5A3 /* sysendian.h */,
			);
			path = scrypt;
			sourceTree = "<group>";
		};
		6B28E7F01A3B8E7300EB0529 /* tinyXML */ = {
			isa = PBXGroup;
			children = (
				6B28E7F11A3B8E7300EB0529 /* tinyXML2.cpp */,
				6B28E7F21A3B8E7300EB0529 /* tinyXML2.h */,
			);
			name = tinyXML;
			path = ../tinyXML;
			sourceTree = "<group>";
		};
		6B28E7F41A3B8E7C00EB0529 /* test */ = {
			isa = PBXGroup;
			children = (
				6B28E8C51A3B8E7C00EB0529 /* main.cpp */,
				6B28E8C61A3B8E7C00EB0529 /* MasterPasswordTest.cpp */,
				6B28E8C71A3B8E7C00EB0529 /* MasterPasswordTest.h */,
				6B28E8C81A3B8E7C00EB0529 /* mpw_tests.xml */,
				6B28E8C91A3B8E7C00EB0529 /* mpw_tests.xml.orig */,
				6B28E8CA1A3B8E7C00EB0529 /* StandardizedTestSuite.cpp */,
				6B28E8CB1A3B8E7C00EB0529 /* testHMAC.cpp */,
				6B28E8CC1A3B8E7C00EB0529 /* testutils.cpp */,
				6B28E8CD1A3B8E7C00EB0529 /* testutils.h */,
				6B28E8CE1A3B8E7C00EB0529 /* utilsTest.cpp */,
			);
			name = test;
			path = ../test;
			sourceTree = "<group>";
		};
		6BA11071196FB11100BAB389 = {
			isa = PBXGroup;
			children = (
				6B28E7F41A3B8E7C00EB0529 /* test */,
				6B28E7F01A3B8E7300EB0529 /* tinyXML */,
				6B41A35719B1A1A100148663 /* libgtest_main.a */,
				6B41A35819B1A1A100148663 /* libgtest.a */,
				6B0BE7F01970D4B0004CA5A3 /* src */,
				6BA1107B196FB11100BAB389 /* Products */,
			);
			sourceTree = "<group>";
		};
		6BA1107B196FB11100BAB389 /* Products */ = {
			isa = PBXGroup;
			children = (
				6BA1107A196FB11100BAB389 /* MasterPasswordTest_OSX */,
			);
			name = Products;
			sourceTree = "<group>";
		};
/* End PBXGroup section */

/* Begin PBXNativeTarget section */
		6BA11079196FB11100BAB389 /* MasterPasswordTest_OSX */ = {
			isa = PBXNativeTarget;
			buildConfigurationList = 6BA11083196FB11100BAB389 /* Build configuration list for PBXNativeTarget "MasterPasswordTest_OSX" */;
			buildPhases = (
				6BA11076196FB11100BAB389 /* Sources */,
				6BA11077196FB11100BAB389 /* Frameworks */,
				6BA11078196FB11100BAB389 /* CopyFiles */,
			);
			buildRules = (
			);
			dependencies = (
			);
			name = MasterPasswordTest_OSX;
			productName = MasterPasswordTest_OSX;
			productReference = 6BA1107A196FB11100BAB389 /* MasterPasswordTest_OSX */;
			productType = "com.apple.product-type.tool";
		};
/* End PBXNativeTarget section */

/* Begin PBXProject section */
		6BA11072196FB11100BAB389 /* Project object */ = {
			isa = PBXProject;
			attributes = {
				LastUpgradeCheck = 0510;
				ORGANIZATIONNAME = cuardin;
			};
			buildConfigurationList = 6BA11075196FB11100BAB389 /* Build configuration list for PBXProject "MasterPasswordTest_OSX" */;
			compatibilityVersion = "Xcode 3.2";
			developmentRegion = English;
			hasScannedForEncodings = 0;
			knownRegions = (
				en,
			);
			mainGroup = 6BA11071196FB11100BAB389;
			productRefGroup = 6BA1107B196FB11100BAB389 /* Products */;
			projectDirPath = "";
			projectRoot = "";
			targets = (
				6BA11079196FB11100BAB389 /* MasterPasswordTest_OSX */,
			);
		};
/* End PBXProject section */

/* Begin PBXSourcesBuildPhase section */
		6BA11076196FB11100BAB389 /* Sources */ = {
			isa = PBXSourcesBuildPhase;
			buildActionMask = 2147483647;
			files = (
				6B28E91A1A3B8E7C00EB0529 /* main.cpp in Sources */,
				6B0BE8021970D4B0004CA5A3 /* mpw_core.c in Sources */,
				6B0BE8041970D4B0004CA5A3 /* sha256.c in Sources */,
				6B28E91D1A3B8E7C00EB0529 /* testHMAC.cpp in Sources */,
				6B0BE8031970D4B0004CA5A3 /* crypto_scrypt-ref.c in Sources */,
				6B28E7F31A3B8E7300EB0529 /* tinyXML2.cpp in Sources */,
				6B28E91C1A3B8E7C00EB0529 /* StandardizedTestSuite.cpp in Sources */,
				6B28E91F1A3B8E7C00EB0529 /* utilsTest.cpp in Sources */,
				6B28E91E1A3B8E7C00EB0529 /* testutils.cpp in Sources */,
				6B0BE8051970D4B0004CA5A3 /* types.c in Sources */,
				6B0BE8001970D4B0004CA5A3 /* getopt.cpp in Sources */,
				6B28E91B1A3B8E7C00EB0529 /* MasterPasswordTest.cpp in Sources */,
			);
			runOnlyForDeploymentPostprocessing = 0;
		};
/* End PBXSourcesBuildPhase section */

/* Begin XCBuildConfiguration section */
		6BA11081196FB11100BAB389 /* Debug */ = {
			isa = XCBuildConfiguration;
			buildSettings = {
				ALWAYS_SEARCH_USER_PATHS = NO;
				CLANG_CXX_LANGUAGE_STANDARD = "gnu++0x";
				CLANG_CXX_LIBRARY = "libc++";
				CLANG_ENABLE_MODULES = YES;
				CLANG_ENABLE_OBJC_ARC = YES;
				CLANG_WARN_BOOL_CONVERSION = YES;
				CLANG_WARN_CONSTANT_CONVERSION = YES;
				CLANG_WARN_DIRECT_OBJC_ISA_USAGE = YES_ERROR;
				CLANG_WARN_EMPTY_BODY = YES;
				CLANG_WARN_ENUM_CONVERSION = YES;
				CLANG_WARN_INT_CONVERSION = YES;
				CLANG_WARN_OBJC_ROOT_CLASS = YES_ERROR;
				CLANG_WARN__DUPLICATE_METHOD_MATCH = YES;
				COPY_PHASE_STRIP = NO;
				GCC_C_LANGUAGE_STANDARD = gnu99;
				GCC_DYNAMIC_NO_PIC = NO;
				GCC_ENABLE_OBJC_EXCEPTIONS = YES;
				GCC_OPTIMIZATION_LEVEL = 0;
				GCC_PREPROCESSOR_DEFINITIONS = (
					"DEBUG=1",
					"$(inherited)",
				);
				GCC_SYMBOLS_PRIVATE_EXTERN = NO;
				GCC_WARN_64_TO_32_BIT_CONVERSION = YES;
				GCC_WARN_ABOUT_RETURN_TYPE = YES_ERROR;
				GCC_WARN_UNDECLARED_SELECTOR = YES;
				GCC_WARN_UNINITIALIZED_AUTOS = YES_AGGRESSIVE;
				GCC_WARN_UNUSED_FUNCTION = YES;
				GCC_WARN_UNUSED_VARIABLE = YES;
				MACOSX_DEPLOYMENT_TARGET = 10.9;
				ONLY_ACTIVE_ARCH = YES;
				SDKROOT = macosx;
			};
			name = Debug;
		};
		6BA11082196FB11100BAB389 /* Release */ = {
			isa = XCBuildConfiguration;
			buildSettings = {
				ALWAYS_SEARCH_USER_PATHS = NO;
				CLANG_CXX_LANGUAGE_STANDARD = "gnu++0x";
				CLANG_CXX_LIBRARY = "libc++";
				CLANG_ENABLE_MODULES = YES;
				CLANG_ENABLE_OBJC_ARC = YES;
				CLANG_WARN_BOOL_CONVERSION = YES;
				CLANG_WARN_CONSTANT_CONVERSION = YES;
				CLANG_WARN_DIRECT_OBJC_ISA_USAGE = YES_ERROR;
				CLANG_WARN_EMPTY_BODY = YES;
				CLANG_WARN_ENUM_CONVERSION = YES;
				CLANG_WARN_INT_CONVERSION = YES;
				CLANG_WARN_OBJC_ROOT_CLASS = YES_ERROR;
				CLANG_WARN__DUPLICATE_METHOD_MATCH = YES;
				COPY_PHASE_STRIP = YES;
				DEBUG_INFORMATION_FORMAT = "dwarf-with-dsym";
				ENABLE_NS_ASSERTIONS = NO;
				GCC_C_LANGUAGE_STANDARD = gnu99;
				GCC_ENABLE_OBJC_EXCEPTIONS = YES;
				GCC_WARN_64_TO_32_BIT_CONVERSION = YES;
				GCC_WARN_ABOUT_RETURN_TYPE = YES_ERROR;
				GCC_WARN_UNDECLARED_SELECTOR = YES;
				GCC_WARN_UNINITIALIZED_AUTOS = YES_AGGRESSIVE;
				GCC_WARN_UNUSED_FUNCTION = YES;
				GCC_WARN_UNUSED_VARIABLE = YES;
				MACOSX_DEPLOYMENT_TARGET = 10.9;
				SDKROOT = macosx;
			};
			name = Release;
		};
		6BA11084196FB11100BAB389 /* Debug */ = {
			isa = XCBuildConfiguration;
			buildSettings = {
				GCC_PREPROCESSOR_DEFINITIONS = (
					HAVE_CONFIG_H,
					"DEBUG=1",
				);
				HEADER_SEARCH_PATHS = (
					"$(inherited)",
					/Applications/Xcode.app/Contents/Developer/Toolchains/XcodeDefault.xctoolchain/usr/include,
					"/Users/cuardin/Documents/MasterPassword02/MasterPassword/C/test/gtest-1.7.0/include",
				);
				LIBRARY_SEARCH_PATHS = (
					/usr/local/lib,
					"$(PROJECT_DIR)/MasterPasswordTest_OSX",
					/Users/cuardin/Documents/MasterPassword02/MasterPassword/C/test,
				);
				PRODUCT_NAME = "$(TARGET_NAME)";
			};
			name = Debug;
		};
		6BA11085196FB11100BAB389 /* Release */ = {
			isa = XCBuildConfiguration;
			buildSettings = {
				GCC_PREPROCESSOR_DEFINITIONS = HAVE_CONFIG_H;
				HEADER_SEARCH_PATHS = (
					"$(inherited)",
					/Applications/Xcode.app/Contents/Developer/Toolchains/XcodeDefault.xctoolchain/usr/include,
					"/Users/cuardin/Documents/MasterPassword02/MasterPassword/C/test/gtest-1.7.0/include",
				);
				LIBRARY_SEARCH_PATHS = (
					/usr/local/lib,
					"$(PROJECT_DIR)/MasterPasswordTest_OSX",
					/Users/cuardin/Documents/MasterPassword02/MasterPassword/C/test,
				);
				PRODUCT_NAME = "$(TARGET_NAME)";
			};
			name = Release;
		};
/* End XCBuildConfiguration section */

/* Begin XCConfigurationList section */
		6BA11075196FB11100BAB389 /* Build configuration list for PBXProject "MasterPasswordTest_OSX" */ = {
			isa = XCConfigurationList;
			buildConfigurations = (
				6BA11081196FB11100BAB389 /* Debug */,
				6BA11082196FB11100BAB389 /* Release */,
			);
			defaultConfigurationIsVisible = 0;
			defaultConfigurationName = Release;
		};
		6BA11083196FB11100BAB389 /* Build configuration list for PBXNativeTarget "MasterPasswordTest_OSX" */ = {
			isa = XCConfigurationList;
			buildConfigurations = (
				6BA11084196FB11100BAB389 /* Debug */,
				6BA11085196FB11100BAB389 /* Release */,
			);
			defaultConfigurationIsVisible = 0;
			defaultConfigurationName = Release;
		};
/* End XCConfigurationList section */
	};
	rootObject = 6BA11072196FB11100BAB389 /* Project object */;
}
